
Microsoft Visual Studio Solution File, Format Version 12.00
# Visual Studio Version 16
VisualStudioVersion = 16.0.29519.181
MinimumVisualStudioVersion = 10.0.40219.1
Project("{9A19103F-16F7-4668-BE54-9A1E7A4F7556}") = "service_center", "service_center.csproj", "{28E959D6-C75C-46B3-9B15-FD9C90654AEE}"
EndProject
Project("{9A19103F-16F7-4668-BE54-9A1E7A4F7556}") = "dispatcher", "..\dispatcher\dispatcher.csproj", "{D91515A1-9EF8-4035-9915-2D668EB4820D}"
EndProject
Project("{FAE04EC0-301F-11D3-BF4B-00C04F79EFBC}") = "DB_Connections", "..\DB_Connections\DB_Connections.csproj", "{12ABECA7-0530-4965-8E73-60AB06EAAADF}"
EndProject
Global
	GlobalSection(SolutionConfigurationPlatforms) = preSolution
		Debug|Any CPU = Debug|Any CPU
		Release|Any CPU = Release|Any CPU
	EndGlobalSection
	GlobalSection(ProjectConfigurationPlatforms) = postSolution
		{28E959D6-C75C-46B3-9B15-FD9C90654AEE}.Debug|Any CPU.ActiveCfg = Debug|Any CPU
		{28E959D6-C75C-46B3-9B15-FD9C90654AEE}.Debug|Any CPU.Build.0 = Debug|Any CPU
		{28E959D6-C75C-46B3-9B15-FD9C90654AEE}.Release|Any CPU.ActiveCfg = Release|Any CPU
		{28E959D6-C75C-46B3-9B15-FD9C90654AEE}.Release|Any CPU.Build.0 = Release|Any CPU
		{D91515A1-9EF8-4035-9915-2D668EB4820D}.Debug|Any CPU.ActiveCfg = Debug|Any CPU
		{D91515A1-9EF8-4035-9915-2D668EB4820D}.Debug|Any CPU.Build.0 = Debug|Any CPU
		{D91515A1-9EF8-4035-9915-2D668EB4820D}.Release|Any CPU.ActiveCfg = Release|Any CPU
		{D91515A1-9EF8-4035-9915-2D668EB4820D}.Release|Any CPU.Build.0 = Release|Any CPU
		{12ABECA7-0530-4965-8E73-60AB06EAAADF}.Debug|Any CPU.ActiveCfg = Debug|Any CPU
		{12ABECA7-0530-4965-8E73-60AB06EAAADF}.Debug|Any CPU.Build.0 = Debug|Any CPU
		{12ABECA7-0530-4965-8E73-60AB06EAAADF}.Release|Any CPU.ActiveCfg = Release|Any CPU
		{12ABECA7-0530-4965-8E73-60AB06EAAADF}.Release|Any CPU.Build.0 = Release|Any CPU
	EndGlobalSection
	GlobalSection(SolutionProperties) = preSolution
		HideSolutionNode = FALSE
	EndGlobalSection
	GlobalSection(ExtensibilityGlobals) = postSolution
		SolutionGuid = {872065A2-CA81-4939-86F1-38EE29AF5BBB}
	EndGlobalSection
EndGlobal
